// !$*UTF8*$!
{
	archiveVersion = 1;
	classes = {
	};
	objectVersion = 56;
	objects = {

/* Begin PBXBuildFile section */
		68CA7A5C2B959AE200F6EF72 /* AppDelegate.swift in Sources */ = {isa = PBXBuildFile; fileRef = 68CA7A5B2B959AE200F6EF72 /* AppDelegate.swift */; };
		68CA7A5E2B959AE200F6EF72 /* SceneDelegate.swift in Sources */ = {isa = PBXBuildFile; fileRef = 68CA7A5D2B959AE200F6EF72 /* SceneDelegate.swift */; };
		68CA7A602B959AE200F6EF72 /* ViewController.swift in Sources */ = {isa = PBXBuildFile; fileRef = 68CA7A5F2B959AE200F6EF72 /* ViewController.swift */; };
		68CA7A632B959AE200F6EF72 /* Main.storyboard in Resources */ = {isa = PBXBuildFile; fileRef = 68CA7A612B959AE200F6EF72 /* Main.storyboard */; };
		68CA7A652B959AE300F6EF72 /* Assets.xcassets in Resources */ = {isa = PBXBuildFile; fileRef = 68CA7A642B959AE300F6EF72 /* Assets.xcassets */; };
		68CA7A682B959AE300F6EF72 /* LaunchScreen.storyboard in Resources */ = {isa = PBXBuildFile; fileRef = 68CA7A662B959AE300F6EF72 /* LaunchScreen.storyboard */; };
		68CA7A752B959C4300F6EF72 /* MenuCollectionViewCell.swift in Sources */ = {isa = PBXBuildFile; fileRef = 68CA7A732B959C4300F6EF72 /* MenuCollectionViewCell.swift */; };
		68CA7A762B959C4300F6EF72 /* MenuCollectionViewCell.xib in Resources */ = {isa = PBXBuildFile; fileRef = 68CA7A742B959C4300F6EF72 /* MenuCollectionViewCell.xib */; };
/* End PBXBuildFile section */

/* Begin PBXFileReference section */
		68CA7A582B959AE200F6EF72 /* 22_04_24_CollectionViewDemo.app */ = {isa = PBXFileReference; explicitFileType = wrapper.application; includeInIndex = 0; path = 22_04_24_CollectionViewDemo.app; sourceTree = BUILT_PRODUCTS_DIR; };
		68CA7A5B2B959AE200F6EF72 /* AppDelegate.swift */ = {isa = PBXFileReference; lastKnownFileType = sourcecode.swift; path = AppDelegate.swift; sourceTree = "<group>"; };
		68CA7A5D2B959AE200F6EF72 /* SceneDelegate.swift */ = {isa = PBXFileReference; lastKnownFileType = sourcecode.swift; path = SceneDelegate.swift; sourceTree = "<group>"; };
		68CA7A5F2B959AE200F6EF72 /* ViewController.swift */ = {isa = PBXFileReference; lastKnownFileType = sourcecode.swift; path = ViewController.swift; sourceTree = "<group>"; };
		68CA7A622B959AE200F6EF72 /* Base */ = {isa = PBXFileReference; lastKnownFileType = file.storyboard; name = Base; path = Base.lproj/Main.storyboard; sourceTree = "<group>"; };
		68CA7A642B959AE300F6EF72 /* Assets.xcassets */ = {isa = PBXFileReference; lastKnownFileType = folder.assetcatalog; path = Assets.xcassets; sourceTree = "<group>"; };
		68CA7A672B959AE300F6EF72 /* Base */ = {isa = PBXFileReference; lastKnownFileType = file.storyboard; name = Base; path = Base.lproj/LaunchScreen.storyboard; sourceTree = "<group>"; };
		68CA7A692B959AE300F6EF72 /* Info.plist */ = {isa = PBXFileReference; lastKnownFileType = text.plist.xml; path = Info.plist; sourceTree = "<group>"; };
		68CA7A732B959C4300F6EF72 /* MenuCollectionViewCell.swift */ = {isa = PBXFileReference; lastKnownFileType = sourcecode.swift; path = MenuCollectionViewCell.swift; sourceTree = "<group>"; };
		68CA7A742B959C4300F6EF72 /* MenuCollectionViewCell.xib */ = {isa = PBXFileReference; lastKnownFileType = file.xib; path = MenuCollectionViewCell.xib; sourceTree = "<group>"; };
/* End PBXFileReference section */

/* Begin PBXFrameworksBuildPhase section */
		68CA7A552B959AE200F6EF72 /* Frameworks */ = {
			isa = PBXFrameworksBuildPhase;
			buildActionMask = 2147483647;
			files = (
			);
			runOnlyForDeploymentPostprocessing = 0;
		};
/* End PBXFrameworksBuildPhase section */

/* Begin PBXGroup section */
		68CA7A4F2B959AE200F6EF72 = {
			isa = PBXGroup;
			children = (
				68CA7A5A2B959AE200F6EF72 /* 22_04_24_CollectionViewDemo */,
				68CA7A592B959AE200F6EF72 /* Products */,
			);
			sourceTree = "<group>";
		};
		68CA7A592B959AE200F6EF72 /* Products */ = {
			isa = PBXGroup;
			children = (
				68CA7A582B959AE200F6EF72 /* 22_04_24_CollectionViewDemo.app */,
			);
			name = Products;
			sourceTree = "<group>";
		};
		68CA7A5A2B959AE200F6EF72 /* 22_04_24_CollectionViewDemo */ = {
			isa = PBXGroup;
			children = (
				68CA7A5B2B959AE200F6EF72 /* AppDelegate.swift */,
				68CA7A5D2B959AE200F6EF72 /* SceneDelegate.swift */,
				68CA7A5F2B959AE200F6EF72 /* ViewController.swift */,
				68CA7A612B959AE200F6EF72 /* Main.storyboard */,
				68CA7A642B959AE300F6EF72 /* Assets.xcassets */,
				68CA7A662B959AE300F6EF72 /* LaunchScreen.storyboard */,
				68CA7A692B959AE300F6EF72 /* Info.plist */,
				68CA7A732B959C4300F6EF72 /* MenuCollectionViewCell.swift */,
				68CA7A742B959C4300F6EF72 /* MenuCollectionViewCell.xib */,
			);
			path = 22_04_24_CollectionViewDemo;
			sourceTree = "<group>";
		};
/* End PBXGroup section */

/* Begin PBXNativeTarget section */
		68CA7A572B959AE200F6EF72 /* 22_04_24_CollectionViewDemo */ = {
			isa = PBXNativeTarget;
			buildConfigurationList = 68CA7A6C2B959AE300F6EF72 /* Build configuration list for PBXNativeTarget "22_04_24_CollectionViewDemo" */;
			buildPhases = (
				68CA7A542B959AE200F6EF72 /* Sources */,
				68CA7A552B959AE200F6EF72 /* Frameworks */,
				68CA7A562B959AE200F6EF72 /* Resources */,
			);
			buildRules = (
			);
			dependencies = (
			);
			name = 22_04_24_CollectionViewDemo;
			productName = 22_04_24_CollectionViewDemo;
			productReference = 68CA7A582B959AE200F6EF72 /* 22_04_24_CollectionViewDemo.app */;
			productType = "com.apple.product-type.application";
		};
/* End PBXNativeTarget section */

/* Begin PBXProject section */
		68CA7A502B959AE200F6EF72 /* Project object */ = {
			isa = PBXProject;
			attributes = {
				BuildIndependentTargetsInParallel = 1;
				LastSwiftUpdateCheck = 1400;
				LastUpgradeCheck = 1400;
				TargetAttributes = {
					68CA7A572B959AE200F6EF72 = {
						CreatedOnToolsVersion = 14.0;
					};
				};
			};
			buildConfigurationList = 68CA7A532B959AE200F6EF72 /* Build configuration list for PBXProject "22_04_24_CollectionViewDemo" */;
			compatibilityVersion = "Xcode 14.0";
			developmentRegion = en;
			hasScannedForEncodings = 0;
			knownRegions = (
				en,
				Base,
			);
			mainGroup = 68CA7A4F2B959AE200F6EF72;
			productRefGroup = 68CA7A592B959AE200F6EF72 /* Products */;
			projectDirPath = "";
			projectRoot = "";
			targets = (
				68CA7A572B959AE200F6EF72 /* 22_04_24_CollectionViewDemo */,
			);
		};
/* End PBXProject section */

/* Begin PBXResourcesBuildPhase section */
		68CA7A562B959AE200F6EF72 /* Resources */ = {
			isa = PBXResourcesBuildPhase;
			buildActionMask = 2147483647;
			files = (
				68CA7A682B959AE300F6EF72 /* LaunchScreen.storyboard in Resources */,
				68CA7A652B959AE300F6EF72 /* Assets.xcassets in Resources */,
				68CA7A632B959AE200F6EF72 /* Main.storyboard in Resources */,
				68CA7A762B959C4300F6EF72 /* MenuCollectionViewCell.xib in Resources */,
			);
			runOnlyForDeploymentPostprocessing = 0;
		};
/* End PBXResourcesBuildPhase section */

/* Begin PBXSourcesBuildPhase section */
		68CA7A542B959AE200F6EF72 /* Sources */ = {
			isa = PBXSourcesBuildPhase;
			buildActionMask = 2147483647;
			files = (
				68CA7A602B959AE200F6EF72 /* ViewController.swift in Sources */,
				68CA7A5C2B959AE200F6EF72 /* AppDelegate.swift in Sources */,
				68CA7A5E2B959AE200F6EF72 /* SceneDelegate.swift in Sources */,
				68CA7A752B959C4300F6EF72 /* MenuCollectionViewCell.swift in Sources */,
			);
			runOnlyForDeploymentPostprocessing = 0;
		};
/* End PBXSourcesBuildPhase section */

/* Begin PBXVariantGroup section */
		68CA7A612B959AE200F6EF72 /* Main.storyboard */ = {
			isa = PBXVariantGroup;
			children = (
				68CA7A622B959AE200F6EF72 /* Base */,
			);
			name = Main.storyboard;
			sourceTree = "<group>";
		};
		68CA7A662B959AE300F6EF72 /* LaunchScreen.storyboard */ = {
			isa = PBXVariantGroup;
			children = (
				68CA7A672B959AE300F6EF72 /* Base */,
			);
			name = LaunchScreen.storyboard;
			sourceTree = "<group>";
		};
/* End PBXVariantGroup section */

/* Begin XCBuildConfiguration section */
		68CA7A6A2B959AE300F6EF72 /* Debug */ = {
			isa = XCBuildConfiguration;
			buildSettings = {
				ALWAYS_SEARCH_USER_PATHS = NO;
				CLANG_ANALYZER_NONNULL = YES;
				CLANG_ANALYZER_NUMBER_OBJECT_CONVERSION = YES_AGGRESSIVE;
				CLANG_CXX_LANGUAGE_STANDARD = "gnu++20";
				CLANG_ENABLE_MODULES = YES;
				CLANG_ENABLE_OBJC_ARC = YES;
				CLANG_ENABLE_OBJC_WEAK = YES;
				CLANG_WARN_BLOCK_CAPTURE_AUTORELEASING = YES;
				CLANG_WARN_BOOL_CONVERSION = YES;
				CLANG_WARN_COMMA = YES;
				CLANG_WARN_CONSTANT_CONVERSION = YES;
				CLANG_WARN_DEPRECATED_OBJC_IMPLEMENTATIONS = YES;
				CLANG_WARN_DIRECT_OBJC_ISA_USAGE = YES_ERROR;
				CLANG_WARN_DOCUMENTATION_COMMENTS = YES;
				CLANG_WARN_EMPTY_BODY = YES;
				CLANG_WARN_ENUM_CONVERSION = YES;
				CLANG_WARN_INFINITE_RECURSION = YES;
				CLANG_WARN_INT_CONVERSION = YES;
				CLANG_WARN_NON_LITERAL_NULL_CONVERSION = YES;
				CLANG_WARN_OBJC_IMPLICIT_RETAIN_SELF = YES;
				CLANG_WARN_OBJC_LITERAL_CONVERSION = YES;
				CLANG_WARN_OBJC_ROOT_CLASS = YES_ERROR;
				CLANG_WARN_QUOTED_INCLUDE_IN_FRAMEWORK_HEADER = YES;
				CLANG_WARN_RANGE_LOOP_ANALYSIS = YES;
				CLANG_WARN_STRICT_PROTOTYPES = YES;
				CLANG_WARN_SUSPICIOUS_MOVE = YES;
				CLANG_WARN_UNGUARDED_AVAILABILITY = YES_AGGRESSIVE;
				CLANG_WARN_UNREACHABLE_CODE = YES;
				CLANG_WARN__DUPLICATE_METHOD_MATCH = YES;
				COPY_PHASE_STRIP = NO;
				DEBUG_INFORMATION_FORMAT = dwarf;
				ENABLE_STRICT_OBJC_MSGSEND = YES;
				ENABLE_TESTABILITY = YES;
				GCC_C_LANGUAGE_STANDARD = gnu11;
				GCC_DYNAMIC_NO_PIC = NO;
				GCC_NO_COMMON_BLOCKS = YES;
				GCC_OPTIMIZATION_LEVEL = 0;
				GCC_PREPROCESSOR_DEFINITIONS = (
					"DEBUG=1",
					"$(inherited)",
				);
				GCC_WARN_64_TO_32_BIT_CONVERSION = YES;
				GCC_WARN_ABOUT_RETURN_TYPE = YES_ERROR;
				GCC_WARN_UNDECLARED_SELECTOR = YES;
				GCC_WARN_UNINITIALIZED_AUTOS = YES_AGGRESSIVE;
				GCC_WARN_UNUSED_FUNCTION = YES;
				GCC_WARN_UNUSED_VARIABLE = YES;
				IPHONEOS_DEPLOYMENT_TARGET = 16.0;
				MTL_ENABLE_DEBUG_INFO = INCLUDE_SOURCE;
				MTL_FAST_MATH = YES;
				ONLY_ACTIVE_ARCH = YES;
				SDKROOT = iphoneos;
				SWIFT_ACTIVE_COMPILATION_CONDITIONS = DEBUG;
				SWIFT_OPTIMIZATION_LEVEL = "-Onone";
			};
			name = Debug;
		};
		68CA7A6B2B959AE300F6EF72 /* Release */ = {
			isa = XCBuildConfiguration;
			buildSettings = {
				ALWAYS_SEARCH_USER_PATHS = NO;
				CLANG_ANALYZER_NONNULL = YES;
				CLANG_ANALYZER_NUMBER_OBJECT_CONVERSION = YES_AGGRESSIVE;
				CLANG_CXX_LANGUAGE_STANDARD = "gnu++20";
				CLANG_ENABLE_MODULES = YES;
				CLANG_ENABLE_OBJC_ARC = YES;
				CLANG_ENABLE_OBJC_WEAK = YES;
				CLANG_WARN_BLOCK_CAPTURE_AUTORELEASING = YES;
				CLANG_WARN_BOOL_CONVERSION = YES;
				CLANG_WARN_COMMA = YES;
				CLANG_WARN_CONSTANT_CONVERSION = YES;
				CLANG_WARN_DEPRECATED_OBJC_IMPLEMENTATIONS = YES;
				CLANG_WARN_DIRECT_OBJC_ISA_USAGE = YES_ERROR;
				CLANG_WARN_DOCUMENTATION_COMMENTS = YES;
				CLANG_WARN_EMPTY_BODY = YES;
				CLANG_WARN_ENUM_CONVERSION = YES;
				CLANG_WARN_INFINITE_RECURSION = YES;
				CLANG_WARN_INT_CONVERSION = YES;
				CLANG_WARN_NON_LITERAL_NULL_CONVERSION = YES;
				CLANG_WARN_OBJC_IMPLICIT_RETAIN_SELF = YES;
				CLANG_WARN_OBJC_LITERAL_CONVERSION = YES;
				CLANG_WARN_OBJC_ROOT_CLASS = YES_ERROR;
				CLANG_WARN_QUOTED_INCLUDE_IN_FRAMEWORK_HEADER = YES;
				CLANG_WARN_RANGE_LOOP_ANALYSIS = YES;
				CLANG_WARN_STRICT_PROTOTYPES = YES;
				CLANG_WARN_SUSPICIOUS_MOVE = YES;
				CLANG_WARN_UNGUARDED_AVAILABILITY = YES_AGGRESSIVE;
				CLANG_WARN_UNREACHABLE_CODE = YES;
				CLANG_WARN__DUPLICATE_METHOD_MATCH = YES;
				COPY_PHASE_STRIP = NO;
				DEBUG_INFORMATION_FORMAT = "dwarf-with-dsym";
				ENABLE_NS_ASSERTIONS = NO;
				ENABLE_STRICT_OBJC_MSGSEND = YES;
				GCC_C_LANGUAGE_STANDARD = gnu11;
				GCC_NO_COMMON_BLOCKS = YES;
				GCC_WARN_64_TO_32_BIT_CONVERSION = YES;
				GCC_WARN_ABOUT_RETURN_TYPE = YES_ERROR;
				GCC_WARN_UNDECLARED_SELECTOR = YES;
				GCC_WARN_UNINITIALIZED_AUTOS = YES_AGGRESSIVE;
				GCC_WARN_UNUSED_FUNCTION = YES;
				GCC_WARN_UNUSED_VARIABLE = YES;
				IPHONEOS_DEPLOYMENT_TARGET = 16.0;
				MTL_ENABLE_DEBUG_INFO = NO;
				MTL_FAST_MATH = YES;
				SDKROOT = iphoneos;
				SWIFT_COMPILATION_MODE = wholemodule;
				SWIFT_OPTIMIZATION_LEVEL = "-O";
				VALIDATE_PRODUCT = YES;
			};
			name = Release;
		};
		68CA7A6D2B959AE300F6EF72 /* Debug */ = {
			isa = XCBuildConfiguration;
			buildSettings = {
				ASSETCATALOG_COMPILER_APPICON_NAME = AppIcon;
				ASSETCATALOG_COMPILER_GLOBAL_ACCENT_COLOR_NAME = AccentColor;
				CODE_SIGN_STYLE = Automatic;
				CURRENT_PROJECT_VERSION = 1;
				DEVELOPMENT_TEAM = W669X37752;
				GENERATE_INFOPLIST_FILE = YES;
				INFOPLIST_FILE = 22_04_24_CollectionViewDemo/Info.plist;
				INFOPLIST_KEY_UIApplicationSupportsIndirectInputEvents = YES;
				INFOPLIST_KEY_UILaunchStoryboardName = LaunchScreen;
				INFOPLIST_KEY_UIMainStoryboardFile = Main;
				INFOPLIST_KEY_UISupportedInterfaceOrientations_iPad = "UIInterfaceOrientationPortrait UIInterfaceOrientationPortraitUpsideDown UIInterfaceOrientationLandscapeLeft UIInterfaceOrientationLandscapeRight";
				INFOPLIST_KEY_UISupportedInterfaceOrientations_iPhone = "UIInterfaceOrientationPortrait UIInterfaceOrientationLandscapeLeft UIInterfaceOrientationLandscapeRight";
				LD_RUNPATH_SEARCH_PATHS = (
					"$(inherited)",
					"@executable_path/Frameworks",
				);
				MARKETING_VERSION = 1.0;
				PRODUCT_BUNDLE_IDENTIFIER = "in.bitcode.-2-04-24-CollectionViewDemo";
				PRODUCT_NAME = "$(TARGET_NAME)";
				SWIFT_EMIT_LOC_STRINGS = YES;
				SWIFT_VERSION = 5.0;
				TARGETED_DEVICE_FAMILY = "1,2";
			};
			name = Debug;
		};
		68CA7A6E2B959AE300F6EF72 /* Release */ = {
			isa = XCBuildConfiguration;
			buildSettings = {
				ASSETCATALOG_COMPILER_APPICON_NAME = AppIcon;
				ASSETCATALOG_COMPILER_GLOBAL_ACCENT_COLOR_NAME = AccentColor;
				CODE_SIGN_STYLE = Automatic;
				CURRENT_PROJECT_VERSION = 1;
				DEVELOPMENT_TEAM = W669X37752;
				GENERATE_INFOPLIST_FILE = YES;
				INFOPLIST_FILE = 22_04_24_CollectionViewDemo/Info.plist;
				INFOPLIST_KEY_UIApplicationSupportsIndirectInputEvents = YES;
				INFOPLIST_KEY_UILaunchStoryboardName = LaunchScreen;
				INFOPLIST_KEY_UIMainStoryboardFile = Main;
				INFOPLIST_KEY_UISupportedInterfaceOrientations_iPad = "UIInterfaceOrientationPortrait UIInterfaceOrientationPortraitUpsideDown UIInterfaceOrientationLandscapeLeft UIInterfaceOrientationLandscapeRight";
				INFOPLIST_KEY_UISupportedInterfaceOrientations_iPhone = "UIInterfaceOrientationPortrait UIInterfaceOrientationLandscapeLeft UIInterfaceOrientationLandscapeRight";
				LD_RUNPATH_SEARCH_PATHS = (
					"$(inherited)",
					"@executable_path/Frameworks",
				);
				MARKETING_VERSION = 1.0;
				PRODUCT_BUNDLE_IDENTIFIER = "in.bitcode.-2-04-24-CollectionViewDemo";
				PRODUCT_NAME = "$(TARGET_NAME)";
				SWIFT_EMIT_LOC_STRINGS = YES;
				SWIFT_VERSION = 5.0;
				TARGETED_DEVICE_FAMILY = "1,2";
			};
			name = Release;
		};
/* End XCBuildConfiguration section */

/* Begin XCConfigurationList section */
		68CA7A532B959AE200F6EF72 /* Build configuration list for PBXProject "22_04_24_CollectionViewDemo" */ = {
			isa = XCConfigurationList;
			buildConfigurations = (
				68CA7A6A2B959AE300F6EF72 /* Debug */,
				68CA7A6B2B959AE300F6EF72 /* Release */,
			);
			defaultConfigurationIsVisible = 0;
			defaultConfigurationName = Release;
		};
		68CA7A6C2B959AE300F6EF72 /* Build configuration list for PBXNativeTarget "22_04_24_CollectionViewDemo" */ = {
			isa = XCConfigurationList;
			buildConfigurations = (
				68CA7A6D2B959AE300F6EF72 /* Debug */,
				68CA7A6E2B959AE300F6EF72 /* Release */,
			);
			defaultConfigurationIsVisible = 0;
			defaultConfigurationName = Release;
		};
/* End XCConfigurationList section */
	};
	rootObject = 68CA7A502B959AE200F6EF72 /* Project object */;
}
